
Microsoft Visual Studio Solution File, Format Version 12.00
# Visual Studio Version 17
VisualStudioVersion = 17.4.33122.133
MinimumVisualStudioVersion = 10.0.40219.1
Project("{8BC9CEB8-8B4A-11D0-8D11-00A0C91BC942}") = "ForestFire", "ForestFire.vcxproj", "{D14A51F2-8636-4559-96A1-7B8F7AAFCFDC}"
EndProject
Global
	GlobalSection(SolutionConfigurationPlatforms) = preSolution
		Debug|x64 = Debug|x64
		Debug|x86 = Debug|x86
		Release|x64 = Release|x64
		Release|x86 = Release|x86
	EndGlobalSection
	GlobalSection(ProjectConfigurationPlatforms) = postSolution
		{D14A51F2-8636-4559-96A1-7B8F7AAFCFDC}.Debug|x64.ActiveCfg = Debug|x64
		{D14A51F2-8636-4559-96A1-7B8F7AAFCFDC}.Debug|x64.Build.0 = Debug|x64
		{D14A51F2-8636-4559-96A1-7B8F7AAFCFDC}.Debug|x86.ActiveCfg = Debug|Win32
		{D14A51F2-8636-4559-96A1-7B8F7AAFCFDC}.Debug|x86.Build.0 = Debug|Win32
		{D14A51F2-8636-4559-96A1-7B8F7AAFCFDC}.Release|x64.ActiveCfg = Release|x64
		{D14A51F2-8636-4559-96A1-7B8F7AAFCFDC}.Release|x64.Build.0 = Release|x64
		{D14A51F2-8636-4559-96A1-7B8F7AAFCFDC}.Release|x86.ActiveCfg = Release|Win32
		{D14A51F2-8636-4559-96A1-7B8F7AAFCFDC}.Release|x86.Build.0 = Release|Win32
	EndGlobalSection
	GlobalSection(SolutionProperties) = preSolution
		HideSolutionNode = FALSE
	EndGlobalSection
	GlobalSection(ExtensibilityGlobals) = postSolution
		SolutionGuid = {3F79925B-51BE-4B7F-9D32-6436E75F9BA5}
	EndGlobalSection
EndGlobal
